
Microsoft Visual Studio Solution File, Format Version 12.00
# Visual Studio Version 17
VisualStudioVersion = 17.9.34728.123
MinimumVisualStudioVersion = 10.0.40219.1
Project("{FAE04EC0-301F-11D3-BF4B-00C04F79EFBC}") = "MoviesApi", "MoviesApi\MoviesApi.csproj", "{B10A2C77-0A08-4EC7-9D91-07D718753F63}"
EndProject
Global
	GlobalSection(SolutionConfigurationPlatforms) = preSolution
		Debug|Any CPU = Debug|Any CPU
		Release|Any CPU = Release|Any CPU
	EndGlobalSection
	GlobalSection(ProjectConfigurationPlatforms) = postSolution
		{B10A2C77-0A08-4EC7-9D91-07D718753F63}.Debug|Any CPU.ActiveCfg = Debug|Any CPU
		{B10A2C77-0A08-4EC7-9D91-07D718753F63}.Debug|Any CPU.Build.0 = Debug|Any CPU
		{B10A2C77-0A08-4EC7-9D91-07D718753F63}.Release|Any CPU.ActiveCfg = Release|Any CPU
		{B10A2C77-0A08-4EC7-9D91-07D718753F63}.Release|Any CPU.Build.0 = Release|Any CPU
	EndGlobalSection
	GlobalSection(SolutionProperties) = preSolution
		HideSolutionNode = FALSE
	EndGlobalSection
	GlobalSection(ExtensibilityGlobals) = postSolution
		SolutionGuid = {B9F5E8D8-1A9F-4450-9B6A-98734D9B5B47}
	EndGlobalSection
EndGlobal
